
Microsoft Visual Studio Solution File, Format Version 12.00
# Visual Studio 2013
VisualStudioVersion = 12.0.31101.0
MinimumVisualStudioVersion = 10.0.40219.1
Project("{2150E333-8FDC-42A3-9474-1A3956D46DE8}") = "Dekstop Client", "Dekstop Client", "{1974ADEE-6269-42BA-B6F0-FB1EA4DCC91F}"
EndProject
Project("{2150E333-8FDC-42A3-9474-1A3956D46DE8}") = "Tests", "Tests", "{D6183B2B-AF9B-4600-89A3-72E678443EEB}"
EndProject
Project("{FAE04EC0-301F-11D3-BF4B-00C04F79EFBC}") = "PAC.DesktopClient", "PAC.DesktopClient\PAC.DesktopClient.csproj", "{2DFBEBCB-5A97-4EBE-A664-ED58322CA450}"
EndProject
Project("{FAE04EC0-301F-11D3-BF4B-00C04F79EFBC}") = "PAC.Data", "PAC.Data\PAC.Data.csproj", "{31230A74-7681-4E71-9197-2349D2B6BC17}"
EndProject
Project("{FAE04EC0-301F-11D3-BF4B-00C04F79EFBC}") = "PAC.Windows", "PAC.Windows\PAC.Windows.csproj", "{94DEFC17-64E0-4E0B-86FB-A80006AC90EC}"
EndProject
Global
	GlobalSection(SolutionConfigurationPlatforms) = preSolution
		Debug|Any CPU = Debug|Any CPU
		Release|Any CPU = Release|Any CPU
	EndGlobalSection
	GlobalSection(ProjectConfigurationPlatforms) = postSolution
		{2DFBEBCB-5A97-4EBE-A664-ED58322CA450}.Debug|Any CPU.ActiveCfg = Debug|Any CPU
		{2DFBEBCB-5A97-4EBE-A664-ED58322CA450}.Debug|Any CPU.Build.0 = Debug|Any CPU
		{2DFBEBCB-5A97-4EBE-A664-ED58322CA450}.Release|Any CPU.ActiveCfg = Release|Any CPU
		{2DFBEBCB-5A97-4EBE-A664-ED58322CA450}.Release|Any CPU.Build.0 = Release|Any CPU
		{31230A74-7681-4E71-9197-2349D2B6BC17}.Debug|Any CPU.ActiveCfg = Debug|Any CPU
		{31230A74-7681-4E71-9197-2349D2B6BC17}.Debug|Any CPU.Build.0 = Debug|Any CPU
		{31230A74-7681-4E71-9197-2349D2B6BC17}.Release|Any CPU.ActiveCfg = Release|Any CPU
		{31230A74-7681-4E71-9197-2349D2B6BC17}.Release|Any CPU.Build.0 = Release|Any CPU
		{94DEFC17-64E0-4E0B-86FB-A80006AC90EC}.Debug|Any CPU.ActiveCfg = Debug|Any CPU
		{94DEFC17-64E0-4E0B-86FB-A80006AC90EC}.Debug|Any CPU.Build.0 = Debug|Any CPU
		{94DEFC17-64E0-4E0B-86FB-A80006AC90EC}.Release|Any CPU.ActiveCfg = Release|Any CPU
		{94DEFC17-64E0-4E0B-86FB-A80006AC90EC}.Release|Any CPU.Build.0 = Release|Any CPU
	EndGlobalSection
	GlobalSection(SolutionProperties) = preSolution
		HideSolutionNode = FALSE
	EndGlobalSection
	GlobalSection(NestedProjects) = preSolution
		{2DFBEBCB-5A97-4EBE-A664-ED58322CA450} = {1974ADEE-6269-42BA-B6F0-FB1EA4DCC91F}
		{31230A74-7681-4E71-9197-2349D2B6BC17} = {1974ADEE-6269-42BA-B6F0-FB1EA4DCC91F}
		{94DEFC17-64E0-4E0B-86FB-A80006AC90EC} = {1974ADEE-6269-42BA-B6F0-FB1EA4DCC91F}
	EndGlobalSection
EndGlobal
